PODS:
  - AFNetworking (2.0.0):
    - AFNetworking/NSURLConnection
    - AFNetworking/NSURLSession
    - AFNetworking/Reachability
    - AFNetworking/Security
    - AFNetworking/Serialization
    - AFNetworking/UIKit
  - AFNetworking/NSURLConnection (2.0.0):
    - AFNetworking/Reachability
    - AFNetworking/Security
    - AFNetworking/Serialization
  - AFNetworking/NSURLSession (2.0.0):
    - AFNetworking/Reachability
    - AFNetworking/Security
    - AFNetworking/Serialization
  - AFNetworking/Reachability (2.0.0)
  - AFNetworking/Security (2.0.0)
  - AFNetworking/Serialization (2.0.0)
  - AFNetworking/UIKit (2.0.0):
    - AFNetworking/NSURLConnection
  - FlurrySDK (4.2.3)
  - iCarousel (1.7.6)
  - MBProgressHUD (0.8)
  - Reachability (3.1.1)
  - SASlideMenu (2.0.3)
  - UrbanAirship-iOS-SDK (3.0.1)
  - YRDropdownView (0.0.1)

DEPENDENCIES:
  - AFNetworking (~> 2.0)
  - FlurrySDK (~> 4.2.3)
  - iCarousel (~> 1.7.6)
  - MBProgressHUD (~> 0.8)
  - Reachability (~> 3.1.1)
  - SASlideMenu (~> 2.0.3)
  - UrbanAirship-iOS-SDK (~> 3.0.1)
  - YRDropdownView (~> 0.0.1)

SPEC CHECKSUMS:
  AFNetworking: 3fa983b1beaba69566a3374612511e2a6e3fe845
  FlurrySDK: 20b3fd669eeafd005ca8ff65a1406d1befbc8031
  iCarousel: e23a26d7ba722215a42144e80adb0dcb59bebc41
  MBProgressHUD: 2bbc6f470111daf7f3eaa4eb12b8cbf01c4c0622
  Reachability: 2be6bc2fd2bd31d97f5db33e75e4b29c79e95883
  SASlideMenu: a4a4443fa989afdef4fa4b556ea2334e48cc50f1
  UrbanAirship-iOS-SDK: f896ec9ecaa812c03b1eee2d034f4fa222b97fff
  YRDropdownView: 6cd453679912af8d45cf73ea8d9e079885b99012

COCOAPODS: 0.27.1
