// !$*UTF8*$!
{
	archiveVersion = 1;
	classes = {
	};
	objectVersion = 46;
	objects = {

/* Begin PBXBuildFile section */
		8925452E17FB065D001A6D68 /* weave-nav.png in Resources */ = {isa = PBXBuildFile; fileRef = 8925452C17FB065D001A6D68 /* weave-nav.png */; };
		8925452F17FB065D001A6D68 /* weave-nav@2x.png in Resources */ = {isa = PBXBuildFile; fileRef = 8925452D17FB065D001A6D68 /* weave-nav@2x.png */; };
		8925453217FB0D0F001A6D68 /* Likes.m in Sources */ = {isa = PBXBuildFile; fileRef = 8925453117FB0D0F001A6D68 /* Likes.m */; };
		8925453517FB1FC7001A6D68 /* LikesPageViewController.m in Sources */ = {isa = PBXBuildFile; fileRef = 8925453417FB1FC7001A6D68 /* LikesPageViewController.m */; };
		8925453717FC32DF001A6D68 /* CoreData.framework in Frameworks */ = {isa = PBXBuildFile; fileRef = 8925453617FC32DF001A6D68 /* CoreData.framework */; };
		8925454417FDAF16001A6D68 /* Strings.m in Sources */ = {isa = PBXBuildFile; fileRef = 8925454317FDAF16001A6D68 /* Strings.m */; };
		8925454717FDCE3A001A6D68 /* ProductDetailViewController.m in Sources */ = {isa = PBXBuildFile; fileRef = 8925454617FDCE3A001A6D68 /* ProductDetailViewController.m */; };
		89385E61180D83F0000A260C /* Brand.m in Sources */ = {isa = PBXBuildFile; fileRef = 89385E60180D83F0000A260C /* Brand.m */; };
		893D302D17F8DC0600D820D1 /* like.png in Resources */ = {isa = PBXBuildFile; fileRef = 893D302C17F8DC0600D820D1 /* like.png */; };
		893D302F17F8E20100D820D1 /* dislike.png in Resources */ = {isa = PBXBuildFile; fileRef = 893D302E17F8E20100D820D1 /* dislike.png */; };
		893D303317F8E54000D820D1 /* cross.png in Resources */ = {isa = PBXBuildFile; fileRef = 893D303017F8E54000D820D1 /* cross.png */; };
		893D303417F8E54000D820D1 /* heart.png in Resources */ = {isa = PBXBuildFile; fileRef = 893D303117F8E54000D820D1 /* heart.png */; };
		893D303517F8E54000D820D1 /* info.png in Resources */ = {isa = PBXBuildFile; fileRef = 893D303217F8E54000D820D1 /* info.png */; };
		893D304717F9B50C00D820D1 /* QuartzCore.framework in Frameworks */ = {isa = PBXBuildFile; fileRef = 893D304617F9B50C00D820D1 /* QuartzCore.framework */; };
		893D304D17F9C6AB00D820D1 /* polaroid.png in Resources */ = {isa = PBXBuildFile; fileRef = 893D304C17F9C6AB00D820D1 /* polaroid.png */; };
		893D304F17F9C99A00D820D1 /* polaroid-view.png in Resources */ = {isa = PBXBuildFile; fileRef = 893D304E17F9C99A00D820D1 /* polaroid-view.png */; };
		893D305317F9CE0900D820D1 /* Product.m in Sources */ = {isa = PBXBuildFile; fileRef = 893D305217F9CE0900D820D1 /* Product.m */; };
		894CE98617F5D3290021307A /* ProductViewController.m in Sources */ = {isa = PBXBuildFile; fileRef = 894CE98517F5D3290021307A /* ProductViewController.m */; };
		894CE98917F5DD210021307A /* Collection.m in Sources */ = {isa = PBXBuildFile; fileRef = 894CE98817F5DD210021307A /* Collection.m */; };
		895342BF1822ABE40074BDE0 /* delete.png in Resources */ = {isa = PBXBuildFile; fileRef = 895342BB1822ABE40074BDE0 /* delete.png */; };
		895342C01822ABE40074BDE0 /* mail.png in Resources */ = {isa = PBXBuildFile; fileRef = 895342BC1822ABE40074BDE0 /* mail.png */; };
		895342C11822ABE40074BDE0 /* basketClicked.png in Resources */ = {isa = PBXBuildFile; fileRef = 895342BD1822ABE40074BDE0 /* basketClicked.png */; };
		895342C21822ABE40074BDE0 /* basket.png in Resources */ = {isa = PBXBuildFile; fileRef = 895342BE1822ABE40074BDE0 /* basket.png */; };
		8961500D18041F1C00E93D01 /* MPCJSONDataSerializer.m in Sources */ = {isa = PBXBuildFile; fileRef = 8961500018041F1C00E93D01 /* MPCJSONDataSerializer.m */; settings = {COMPILER_FLAGS = "-fno-objc-arc"; }; };
		8961500E18041F1C00E93D01 /* MPCJSONSerializer.m in Sources */ = {isa = PBXBuildFile; fileRef = 8961500218041F1C00E93D01 /* MPCJSONSerializer.m */; settings = {COMPILER_FLAGS = "-fno-objc-arc"; }; };
		8961500F18041F1C00E93D01 /* MPCSerializedJSONData.m in Sources */ = {isa = PBXBuildFile; fileRef = 8961500418041F1C00E93D01 /* MPCSerializedJSONData.m */; settings = {COMPILER_FLAGS = "-fno-objc-arc"; }; };
		8961501018041F1C00E93D01 /* NSData+MPBase64.m in Sources */ = {isa = PBXBuildFile; fileRef = 8961500718041F1C00E93D01 /* NSData+MPBase64.m */; settings = {COMPILER_FLAGS = "-fno-objc-arc"; }; };
		8961501118041F1C00E93D01 /* ODIN.m in Sources */ = {isa = PBXBuildFile; fileRef = 8961500A18041F1C00E93D01 /* ODIN.m */; settings = {COMPILER_FLAGS = "-fno-objc-arc"; }; };
		8961501218041F1C00E93D01 /* Mixpanel.m in Sources */ = {isa = PBXBuildFile; fileRef = 8961500C18041F1C00E93D01 /* Mixpanel.m */; settings = {COMPILER_FLAGS = "-fno-objc-arc"; }; };
		897DA4C41826631200400880 /* CFNetwork.framework in Frameworks */ = {isa = PBXBuildFile; fileRef = 897DA4C31826631200400880 /* CFNetwork.framework */; };
		897DA4C61826632400400880 /* MobileCoreServices.framework in Frameworks */ = {isa = PBXBuildFile; fileRef = 897DA4C51826632400400880 /* MobileCoreServices.framework */; };
		897DA4C81826633B00400880 /* libz.dylib in Frameworks */ = {isa = PBXBuildFile; fileRef = 897DA4C71826633A00400880 /* libz.dylib */; };
		897DA4CA1826634700400880 /* libsqlite3.dylib in Frameworks */ = {isa = PBXBuildFile; fileRef = 897DA4C91826634700400880 /* libsqlite3.dylib */; };
		897DA4CC1826636000400880 /* CoreLocation.framework in Frameworks */ = {isa = PBXBuildFile; fileRef = 897DA4CB1826636000400880 /* CoreLocation.framework */; };
		897DA4CE1826663E00400880 /* AirshipConfig.plist in Resources */ = {isa = PBXBuildFile; fileRef = 897DA4CD1826663E00400880 /* AirshipConfig.plist */; };
		898145431827EE4A00499186 /* LoginViewController.m in Sources */ = {isa = PBXBuildFile; fileRef = 898145421827EE4A00499186 /* LoginViewController.m */; };
		898145521828660500499186 /* brands.png in Resources */ = {isa = PBXBuildFile; fileRef = 8981454E1828660500499186 /* brands.png */; };
		898145531828660500499186 /* likes.png in Resources */ = {isa = PBXBuildFile; fileRef = 8981454F1828660500499186 /* likes.png */; };
		898145541828660500499186 /* tinder.png in Resources */ = {isa = PBXBuildFile; fileRef = 898145501828660500499186 /* tinder.png */; };
		898145561828666600499186 /* shopping_basket.png in Resources */ = {isa = PBXBuildFile; fileRef = 898145551828666600499186 /* shopping_basket.png */; };
		89814559182973A600499186 /* NavigationViewController.m in Sources */ = {isa = PBXBuildFile; fileRef = 89814558182973A600499186 /* NavigationViewController.m */; };
		8981455C182973C500499186 /* MenuViewController.m in Sources */ = {isa = PBXBuildFile; fileRef = 8981455B182973C500499186 /* MenuViewController.m */; };
		898145691829A08000499186 /* show_me_clothes.png in Resources */ = {isa = PBXBuildFile; fileRef = 898145651829A08000499186 /* show_me_clothes.png */; };
		8981456A1829A08000499186 /* show_me_clothes@2x.png in Resources */ = {isa = PBXBuildFile; fileRef = 898145661829A08000499186 /* show_me_clothes@2x.png */; };
		8981456D1829A1C900499186 /* new_in.png in Resources */ = {isa = PBXBuildFile; fileRef = 8981456B1829A1C900499186 /* new_in.png */; };
		8981456E1829A1C900499186 /* new_in@2x.png in Resources */ = {isa = PBXBuildFile; fileRef = 8981456C1829A1C900499186 /* new_in@2x.png */; };
		898145701829A75500499186 /* Default-568h@2x.png in Resources */ = {isa = PBXBuildFile; fileRef = 8981456F1829A75500499186 /* Default-568h@2x.png */; };
		89814573182A783F00499186 /* mail_likes.png in Resources */ = {isa = PBXBuildFile; fileRef = 89814571182A783F00499186 /* mail_likes.png */; };
		89814574182A783F00499186 /* mail_likes@2x.png in Resources */ = {isa = PBXBuildFile; fileRef = 89814572182A783F00499186 /* mail_likes@2x.png */; };
		89814577182A7CF900499186 /* email.png in Resources */ = {isa = PBXBuildFile; fileRef = 89814575182A7CF900499186 /* email.png */; };
		89814578182A7CF900499186 /* email@2x.png in Resources */ = {isa = PBXBuildFile; fileRef = 89814576182A7CF900499186 /* email@2x.png */; };
		898F179C1804176E006A27DF /* Accelerate.framework in Frameworks */ = {isa = PBXBuildFile; fileRef = 898F179B1804176E006A27DF /* Accelerate.framework */; };
		898F179E18041776006A27DF /* AdSupport.framework in Frameworks */ = {isa = PBXBuildFile; fileRef = 898F179D18041776006A27DF /* AdSupport.framework */; };
		898F17A018041783006A27DF /* CoreTelephony.framework in Frameworks */ = {isa = PBXBuildFile; fileRef = 898F179F18041783006A27DF /* CoreTelephony.framework */; };
		898F17A218041794006A27DF /* SystemConfiguration.framework in Frameworks */ = {isa = PBXBuildFile; fileRef = 898F17A118041794006A27DF /* SystemConfiguration.framework */; };
		8997BB1018159C5B00061EF5 /* Main.storyboard in Resources */ = {isa = PBXBuildFile; fileRef = 8997BB0E18159C5B00061EF5 /* Main.storyboard */; };
		8997BB1718166FFA00061EF5 /* new_in.png in Resources */ = {isa = PBXBuildFile; fileRef = 8997BB1218166FFA00061EF5 /* new_in.png */; };
		8997BB1818166FFA00061EF5 /* mangoredv2.png in Resources */ = {isa = PBXBuildFile; fileRef = 8997BB1318166FFA00061EF5 /* mangoredv2.png */; };
		8997BB1918166FFA00061EF5 /* asosblackv2.png in Resources */ = {isa = PBXBuildFile; fileRef = 8997BB1418166FFA00061EF5 /* asosblackv2.png */; };
		8997BB1A18166FFA00061EF5 /* topshopredv2.png in Resources */ = {isa = PBXBuildFile; fileRef = 8997BB1518166FFA00061EF5 /* topshopredv2.png */; };
		8997BB2E1816D9F000061EF5 /* antropoblack.png in Resources */ = {isa = PBXBuildFile; fileRef = 8997BB1D1816D9F000061EF5 /* antropoblack.png */; };
		8997BB2F1816D9F000061EF5 /* antrored.png in Resources */ = {isa = PBXBuildFile; fileRef = 8997BB1E1816D9F000061EF5 /* antrored.png */; };
		8997BB301816D9F000061EF5 /* asosblack.png in Resources */ = {isa = PBXBuildFile; fileRef = 8997BB1F1816D9F000061EF5 /* asosblack.png */; };
		8997BB311816D9F000061EF5 /* asosred.png in Resources */ = {isa = PBXBuildFile; fileRef = 8997BB201816D9F000061EF5 /* asosred.png */; };
		8997BB321816D9F000061EF5 /* h&mblack.png in Resources */ = {isa = PBXBuildFile; fileRef = 8997BB211816D9F000061EF5 /* h&mblack.png */; };
		8997BB331816D9F000061EF5 /* h&mred.png in Resources */ = {isa = PBXBuildFile; fileRef = 8997BB221816D9F000061EF5 /* h&mred.png */; };
		8997BB341816D9F000061EF5 /* mangoblack.png in Resources */ = {isa = PBXBuildFile; fileRef = 8997BB231816D9F000061EF5 /* mangoblack.png */; };
		8997BB351816D9F000061EF5 /* mangored.png in Resources */ = {isa = PBXBuildFile; fileRef = 8997BB241816D9F000061EF5 /* mangored.png */; };
		8997BB361816D9F000061EF5 /* newlookred.png in Resources */ = {isa = PBXBuildFile; fileRef = 8997BB251816D9F000061EF5 /* newlookred.png */; };
		8997BB371816D9F000061EF5 /* otherstoriesblack.png in Resources */ = {isa = PBXBuildFile; fileRef = 8997BB261816D9F000061EF5 /* otherstoriesblack.png */; };
		8997BB381816D9F000061EF5 /* otherstoriesred.png in Resources */ = {isa = PBXBuildFile; fileRef = 8997BB271816D9F000061EF5 /* otherstoriesred.png */; };
		8997BB391816D9F000061EF5 /* topshopblack.png in Resources */ = {isa = PBXBuildFile; fileRef = 8997BB281816D9F000061EF5 /* topshopblack.png */; };
		8997BB3A1816D9F000061EF5 /* topshopred.png in Resources */ = {isa = PBXBuildFile; fileRef = 8997BB291816D9F000061EF5 /* topshopred.png */; };
		8997BB3B1816D9F000061EF5 /* urbanblack.png in Resources */ = {isa = PBXBuildFile; fileRef = 8997BB2A1816D9F000061EF5 /* urbanblack.png */; };
		8997BB3C1816D9F000061EF5 /* urbanoutfittersred.png in Resources */ = {isa = PBXBuildFile; fileRef = 8997BB2B1816D9F000061EF5 /* urbanoutfittersred.png */; };
		8997BB3D1816D9F000061EF5 /* zarablack.png in Resources */ = {isa = PBXBuildFile; fileRef = 8997BB2C1816D9F000061EF5 /* zarablack.png */; };
		8997BB3E1816D9F000061EF5 /* zarared.png in Resources */ = {isa = PBXBuildFile; fileRef = 8997BB2D1816D9F000061EF5 /* zarared.png */; };
		8997BB411817DD1200061EF5 /* Basket.m in Sources */ = {isa = PBXBuildFile; fileRef = 8997BB401817DD1200061EF5 /* Basket.m */; };
		8997BB441817DDD300061EF5 /* BasketViewController.m in Sources */ = {isa = PBXBuildFile; fileRef = 8997BB431817DDD300061EF5 /* BasketViewController.m */; };
		8997BB471818014E00061EF5 /* EmailBasketViewController.m in Sources */ = {isa = PBXBuildFile; fileRef = 8997BB461818014E00061EF5 /* EmailBasketViewController.m */; };
		8997BB4A1818086000061EF5 /* Emailer.m in Sources */ = {isa = PBXBuildFile; fileRef = 8997BB491818086000061EF5 /* Emailer.m */; };
		89A42ABC180B001D00195EB3 /* ImageDownloader.m in Sources */ = {isa = PBXBuildFile; fileRef = 89A42ABB180B001D00195EB3 /* ImageDownloader.m */; };
		89A8BB451822D7A10085F62E /* JotiOne-Regular.ttf in Resources */ = {isa = PBXBuildFile; fileRef = 89A8BB441822D7A10085F62E /* JotiOne-Regular.ttf */; };
		89A8BB471822D8980085F62E /* Raleway-Regular.ttf in Resources */ = {isa = PBXBuildFile; fileRef = 89A8BB461822D8980085F62E /* Raleway-Regular.ttf */; };
		89AF6A361809F2F400DD74F0 /* Security.framework in Frameworks */ = {isa = PBXBuildFile; fileRef = 89AF6A351809F2F400DD74F0 /* Security.framework */; };
		89DD084A181046700053CA9B /* page.png in Resources */ = {isa = PBXBuildFile; fileRef = 89DD0849181046700053CA9B /* page.png */; };
		89E7142F17F5A7B6006F1E09 /* Foundation.framework in Frameworks */ = {isa = PBXBuildFile; fileRef = 89E7142E17F5A7B6006F1E09 /* Foundation.framework */; };
		89E7143117F5A7B6006F1E09 /* CoreGraphics.framework in Frameworks */ = {isa = PBXBuildFile; fileRef = 89E7143017F5A7B6006F1E09 /* CoreGraphics.framework */; };
		89E7143317F5A7B6006F1E09 /* UIKit.framework in Frameworks */ = {isa = PBXBuildFile; fileRef = 89E7143217F5A7B6006F1E09 /* UIKit.framework */; };
		89E7143917F5A7B6006F1E09 /* InfoPlist.strings in Resources */ = {isa = PBXBuildFile; fileRef = 89E7143717F5A7B6006F1E09 /* InfoPlist.strings */; };
		89E7143B17F5A7B6006F1E09 /* main.m in Sources */ = {isa = PBXBuildFile; fileRef = 89E7143A17F5A7B6006F1E09 /* main.m */; };
		89E7143F17F5A7B6006F1E09 /* AppDelegate.m in Sources */ = {isa = PBXBuildFile; fileRef = 89E7143E17F5A7B6006F1E09 /* AppDelegate.m */; };
		89E7144717F5A7B6006F1E09 /* Images.xcassets in Resources */ = {isa = PBXBuildFile; fileRef = 89E7144617F5A7B6006F1E09 /* Images.xcassets */; };
		89E7144E17F5A7B6006F1E09 /* XCTest.framework in Frameworks */ = {isa = PBXBuildFile; fileRef = 89E7144D17F5A7B6006F1E09 /* XCTest.framework */; };
		89E7144F17F5A7B6006F1E09 /* Foundation.framework in Frameworks */ = {isa = PBXBuildFile; fileRef = 89E7142E17F5A7B6006F1E09 /* Foundation.framework */; };
		89E7145017F5A7B6006F1E09 /* UIKit.framework in Frameworks */ = {isa = PBXBuildFile; fileRef = 89E7143217F5A7B6006F1E09 /* UIKit.framework */; };
		89E7145817F5A7B6006F1E09 /* InfoPlist.strings in Resources */ = {isa = PBXBuildFile; fileRef = 89E7145617F5A7B6006F1E09 /* InfoPlist.strings */; };
		89E7145A17F5A7B6006F1E09 /* WeaveTests.m in Sources */ = {isa = PBXBuildFile; fileRef = 89E7145917F5A7B6006F1E09 /* WeaveTests.m */; };
		89E7146417F5A86C006F1E09 /* weave.png in Resources */ = {isa = PBXBuildFile; fileRef = 89E7146317F5A86C006F1E09 /* weave.png */; };
		89F199C31831471C004BDEFC /* User.m in Sources */ = {isa = PBXBuildFile; fileRef = 89F199C21831471C004BDEFC /* User.m */; };
		89F199C71832688D004BDEFC /* fb.png in Resources */ = {isa = PBXBuildFile; fileRef = 89F199C61832688D004BDEFC /* fb.png */; };
		CA4B30F659D7498F8F8FE7EF /* libPods.a in Frameworks */ = {isa = PBXBuildFile; fileRef = 0351FDF9ACB446A4B1FC3B1F /* libPods.a */; };
/* End PBXBuildFile section */

/* Begin PBXContainerItemProxy section */
		89E7145117F5A7B6006F1E09 /* PBXContainerItemProxy */ = {
			isa = PBXContainerItemProxy;
			containerPortal = 89E7142317F5A7B6006F1E09 /* Project object */;
			proxyType = 1;
			remoteGlobalIDString = 89E7142A17F5A7B6006F1E09;
			remoteInfo = Weave;
		};
/* End PBXContainerItemProxy section */

/* Begin PBXFileReference section */
		0351FDF9ACB446A4B1FC3B1F /* libPods.a */ = {isa = PBXFileReference; explicitFileType = archive.ar; includeInIndex = 0; path = libPods.a; sourceTree = BUILT_PRODUCTS_DIR; };
		7D850D4EDE3A4D10B0E265FA /* Pods.xcconfig */ = {isa = PBXFileReference; includeInIndex = 1; lastKnownFileType = text.xcconfig; name = Pods.xcconfig; path = Pods/Pods.xcconfig; sourceTree = "<group>"; };
		8925452C17FB065D001A6D68 /* weave-nav.png */ = {isa = PBXFileReference; lastKnownFileType = image.png; path = "weave-nav.png"; sourceTree = "<group>"; };
		8925452D17FB065D001A6D68 /* weave-nav@2x.png */ = {isa = PBXFileReference; lastKnownFileType = image.png; path = "weave-nav@2x.png"; sourceTree = "<group>"; };
		8925453017FB0D0F001A6D68 /* Likes.h */ = {isa = PBXFileReference; fileEncoding = 4; lastKnownFileType = sourcecode.c.h; path = Likes.h; sourceTree = "<group>"; };
		8925453117FB0D0F001A6D68 /* Likes.m */ = {isa = PBXFileReference; fileEncoding = 4; lastKnownFileType = sourcecode.c.objc; path = Likes.m; sourceTree = "<group>"; };
		8925453317FB1FC7001A6D68 /* LikesPageViewController.h */ = {isa = PBXFileReference; fileEncoding = 4; lastKnownFileType = sourcecode.c.h; path = LikesPageViewController.h; sourceTree = "<group>"; };
		8925453417FB1FC7001A6D68 /* LikesPageViewController.m */ = {isa = PBXFileReference; fileEncoding = 4; lastKnownFileType = sourcecode.c.objc; path = LikesPageViewController.m; sourceTree = "<group>"; };
		8925453617FC32DF001A6D68 /* CoreData.framework */ = {isa = PBXFileReference; lastKnownFileType = wrapper.framework; name = CoreData.framework; path = System/Library/Frameworks/CoreData.framework; sourceTree = SDKROOT; };
		8925454217FDAF16001A6D68 /* Strings.h */ = {isa = PBXFileReference; fileEncoding = 4; lastKnownFileType = sourcecode.c.h; path = Strings.h; sourceTree = "<group>"; };
		8925454317FDAF16001A6D68 /* Strings.m */ = {isa = PBXFileReference; fileEncoding = 4; lastKnownFileType = sourcecode.c.objc; path = Strings.m; sourceTree = "<group>"; };
		8925454517FDCE3A001A6D68 /* ProductDetailViewController.h */ = {isa = PBXFileReference; fileEncoding = 4; lastKnownFileType = sourcecode.c.h; path = ProductDetailViewController.h; sourceTree = "<group>"; };
		8925454617FDCE3A001A6D68 /* ProductDetailViewController.m */ = {isa = PBXFileReference; fileEncoding = 4; lastKnownFileType = sourcecode.c.objc; path = ProductDetailViewController.m; sourceTree = "<group>"; };
		89385E5F180D83F0000A260C /* Brand.h */ = {isa = PBXFileReference; fileEncoding = 4; lastKnownFileType = sourcecode.c.h; path = Brand.h; sourceTree = "<group>"; };
		89385E60180D83F0000A260C /* Brand.m */ = {isa = PBXFileReference; fileEncoding = 4; lastKnownFileType = sourcecode.c.objc; path = Brand.m; sourceTree = "<group>"; };
		893D302C17F8DC0600D820D1 /* like.png */ = {isa = PBXFileReference; lastKnownFileType = image.png; name = like.png; path = ../../../Dropbox/weave/like.png; sourceTree = "<group>"; };
		893D302E17F8E20100D820D1 /* dislike.png */ = {isa = PBXFileReference; lastKnownFileType = image.png; name = dislike.png; path = ../../../Dropbox/weave/dislike.png; sourceTree = "<group>"; };
		893D303017F8E54000D820D1 /* cross.png */ = {isa = PBXFileReference; lastKnownFileType = image.png; name = cross.png; path = ../../../Dropbox/weave/cross.png; sourceTree = "<group>"; };
		893D303117F8E54000D820D1 /* heart.png */ = {isa = PBXFileReference; lastKnownFileType = image.png; name = heart.png; path = ../../../Dropbox/weave/heart.png; sourceTree = "<group>"; };
		893D303217F8E54000D820D1 /* info.png */ = {isa = PBXFileReference; lastKnownFileType = image.png; name = info.png; path = ../../../Dropbox/weave/info.png; sourceTree = "<group>"; };
		893D304617F9B50C00D820D1 /* QuartzCore.framework */ = {isa = PBXFileReference; lastKnownFileType = wrapper.framework; name = QuartzCore.framework; path = System/Library/Frameworks/QuartzCore.framework; sourceTree = SDKROOT; };
		893D304C17F9C6AB00D820D1 /* polaroid.png */ = {isa = PBXFileReference; lastKnownFileType = image.png; name = polaroid.png; path = ../../../Dropbox/weave/polaroid.png; sourceTree = "<group>"; };
		893D304E17F9C99A00D820D1 /* polaroid-view.png */ = {isa = PBXFileReference; lastKnownFileType = image.png; name = "polaroid-view.png"; path = "../../../Dropbox/weave/polaroid-view.png"; sourceTree = "<group>"; };
		893D305117F9CE0900D820D1 /* Product.h */ = {isa = PBXFileReference; fileEncoding = 4; lastKnownFileType = sourcecode.c.h; path = Product.h; sourceTree = "<group>"; };
		893D305217F9CE0900D820D1 /* Product.m */ = {isa = PBXFileReference; fileEncoding = 4; lastKnownFileType = sourcecode.c.objc; path = Product.m; sourceTree = "<group>"; };
		894CE98417F5D3290021307A /* ProductViewController.h */ = {isa = PBXFileReference; fileEncoding = 4; lastKnownFileType = sourcecode.c.h; path = ProductViewController.h; sourceTree = "<group>"; };
		894CE98517F5D3290021307A /* ProductViewController.m */ = {isa = PBXFileReference; fileEncoding = 4; lastKnownFileType = sourcecode.c.objc; path = ProductViewController.m; sourceTree = "<group>"; };
		894CE98717F5DD200021307A /* Collection.h */ = {isa = PBXFileReference; fileEncoding = 4; lastKnownFileType = sourcecode.c.h; path = Collection.h; sourceTree = "<group>"; };
		894CE98817F5DD210021307A /* Collection.m */ = {isa = PBXFileReference; fileEncoding = 4; lastKnownFileType = sourcecode.c.objc; path = Collection.m; sourceTree = "<group>"; };
		895342BB1822ABE40074BDE0 /* delete.png */ = {isa = PBXFileReference; lastKnownFileType = image.png; path = delete.png; sourceTree = "<group>"; };
		895342BC1822ABE40074BDE0 /* mail.png */ = {isa = PBXFileReference; lastKnownFileType = image.png; path = mail.png; sourceTree = "<group>"; };
		895342BD1822ABE40074BDE0 /* basketClicked.png */ = {isa = PBXFileReference; lastKnownFileType = image.png; path = basketClicked.png; sourceTree = "<group>"; };
		895342BE1822ABE40074BDE0 /* basket.png */ = {isa = PBXFileReference; lastKnownFileType = image.png; path = basket.png; sourceTree = "<group>"; };
		89614FFF18041F1C00E93D01 /* MPCJSONDataSerializer.h */ = {isa = PBXFileReference; fileEncoding = 4; lastKnownFileType = sourcecode.c.h; path = MPCJSONDataSerializer.h; sourceTree = "<group>"; };
		8961500018041F1C00E93D01 /* MPCJSONDataSerializer.m */ = {isa = PBXFileReference; fileEncoding = 4; lastKnownFileType = sourcecode.c.objc; path = MPCJSONDataSerializer.m; sourceTree = "<group>"; };
		8961500118041F1C00E93D01 /* MPCJSONSerializer.h */ = {isa = PBXFileReference; fileEncoding = 4; lastKnownFileType = sourcecode.c.h; path = MPCJSONSerializer.h; sourceTree = "<group>"; };
		8961500218041F1C00E93D01 /* MPCJSONSerializer.m */ = {isa = PBXFileReference; fileEncoding = 4; lastKnownFileType = sourcecode.c.objc; path = MPCJSONSerializer.m; sourceTree = "<group>"; };
		8961500318041F1C00E93D01 /* MPCSerializedJSONData.h */ = {isa = PBXFileReference; fileEncoding = 4; lastKnownFileType = sourcecode.c.h; path = MPCSerializedJSONData.h; sourceTree = "<group>"; };
		8961500418041F1C00E93D01 /* MPCSerializedJSONData.m */ = {isa = PBXFileReference; fileEncoding = 4; lastKnownFileType = sourcecode.c.objc; path = MPCSerializedJSONData.m; sourceTree = "<group>"; };
		8961500618041F1C00E93D01 /* NSData+MPBase64.h */ = {isa = PBXFileReference; fileEncoding = 4; lastKnownFileType = sourcecode.c.h; path = "NSData+MPBase64.h"; sourceTree = "<group>"; };
		8961500718041F1C00E93D01 /* NSData+MPBase64.m */ = {isa = PBXFileReference; fileEncoding = 4; lastKnownFileType = sourcecode.c.objc; path = "NSData+MPBase64.m"; sourceTree = "<group>"; };
		8961500918041F1C00E93D01 /* ODIN.h */ = {isa = PBXFileReference; fileEncoding = 4; lastKnownFileType = sourcecode.c.h; path = ODIN.h; sourceTree = "<group>"; };
		8961500A18041F1C00E93D01 /* ODIN.m */ = {isa = PBXFileReference; fileEncoding = 4; lastKnownFileType = sourcecode.c.objc; path = ODIN.m; sourceTree = "<group>"; };
		8961500B18041F1C00E93D01 /* Mixpanel.h */ = {isa = PBXFileReference; fileEncoding = 4; lastKnownFileType = sourcecode.c.h; path = Mixpanel.h; sourceTree = "<group>"; };
		8961500C18041F1C00E93D01 /* Mixpanel.m */ = {isa = PBXFileReference; fileEncoding = 4; lastKnownFileType = sourcecode.c.objc; path = Mixpanel.m; sourceTree = "<group>"; };
		897DA4C11826630100400880 /* libPods-UrbanAirship-iOS-SDK.a */ = {isa = PBXFileReference; lastKnownFileType = archive.ar; name = "libPods-UrbanAirship-iOS-SDK.a"; path = "Pods/build/Debug-iphoneos/libPods-UrbanAirship-iOS-SDK.a"; sourceTree = "<group>"; };
		897DA4C31826631200400880 /* CFNetwork.framework */ = {isa = PBXFileReference; lastKnownFileType = wrapper.framework; name = CFNetwork.framework; path = System/Library/Frameworks/CFNetwork.framework; sourceTree = SDKROOT; };
		897DA4C51826632400400880 /* MobileCoreServices.framework */ = {isa = PBXFileReference; lastKnownFileType = wrapper.framework; name = MobileCoreServices.framework; path = System/Library/Frameworks/MobileCoreServices.framework; sourceTree = SDKROOT; };
		897DA4C71826633A00400880 /* libz.dylib */ = {isa = PBXFileReference; lastKnownFileType = "compiled.mach-o.dylib"; name = libz.dylib; path = usr/lib/libz.dylib; sourceTree = SDKROOT; };
		897DA4C91826634700400880 /* libsqlite3.dylib */ = {isa = PBXFileReference; lastKnownFileType = "compiled.mach-o.dylib"; name = libsqlite3.dylib; path = usr/lib/libsqlite3.dylib; sourceTree = SDKROOT; };
		897DA4CB1826636000400880 /* CoreLocation.framework */ = {isa = PBXFileReference; lastKnownFileType = wrapper.framework; name = CoreLocation.framework; path = System/Library/Frameworks/CoreLocation.framework; sourceTree = SDKROOT; };
		897DA4CD1826663E00400880 /* AirshipConfig.plist */ = {isa = PBXFileReference; fileEncoding = 4; lastKnownFileType = text.plist.xml; path = AirshipConfig.plist; sourceTree = "<group>"; };
		898145411827EE4A00499186 /* LoginViewController.h */ = {isa = PBXFileReference; fileEncoding = 4; lastKnownFileType = sourcecode.c.h; path = LoginViewController.h; sourceTree = "<group>"; };
		898145421827EE4A00499186 /* LoginViewController.m */ = {isa = PBXFileReference; fileEncoding = 4; lastKnownFileType = sourcecode.c.objc; path = LoginViewController.m; sourceTree = "<group>"; };
		8981454E1828660500499186 /* brands.png */ = {isa = PBXFileReference; lastKnownFileType = image.png; path = brands.png; sourceTree = "<group>"; };
		8981454F1828660500499186 /* likes.png */ = {isa = PBXFileReference; lastKnownFileType = image.png; path = likes.png; sourceTree = "<group>"; };
		898145501828660500499186 /* tinder.png */ = {isa = PBXFileReference; lastKnownFileType = image.png; path = tinder.png; sourceTree = "<group>"; };
		898145551828666600499186 /* shopping_basket.png */ = {isa = PBXFileReference; lastKnownFileType = image.png; path = shopping_basket.png; sourceTree = "<group>"; };
		89814557182973A600499186 /* NavigationViewController.h */ = {isa = PBXFileReference; fileEncoding = 4; lastKnownFileType = sourcecode.c.h; path = NavigationViewController.h; sourceTree = "<group>"; };
		89814558182973A600499186 /* NavigationViewController.m */ = {isa = PBXFileReference; fileEncoding = 4; lastKnownFileType = sourcecode.c.objc; path = NavigationViewController.m; sourceTree = "<group>"; };
		8981455A182973C500499186 /* MenuViewController.h */ = {isa = PBXFileReference; fileEncoding = 4; lastKnownFileType = sourcecode.c.h; path = MenuViewController.h; sourceTree = "<group>"; };
		8981455B182973C500499186 /* MenuViewController.m */ = {isa = PBXFileReference; fileEncoding = 4; lastKnownFileType = sourcecode.c.objc; path = MenuViewController.m; sourceTree = "<group>"; };
		898145651829A08000499186 /* show_me_clothes.png */ = {isa = PBXFileReference; lastKnownFileType = image.png; path = show_me_clothes.png; sourceTree = "<group>"; };
		898145661829A08000499186 /* show_me_clothes@2x.png */ = {isa = PBXFileReference; lastKnownFileType = image.png; path = "show_me_clothes@2x.png"; sourceTree = "<group>"; };
		8981456B1829A1C900499186 /* new_in.png */ = {isa = PBXFileReference; lastKnownFileType = image.png; path = new_in.png; sourceTree = "<group>"; };
		8981456C1829A1C900499186 /* new_in@2x.png */ = {isa = PBXFileReference; lastKnownFileType = image.png; path = "new_in@2x.png"; sourceTree = "<group>"; };
		8981456F1829A75500499186 /* Default-568h@2x.png */ = {isa = PBXFileReference; lastKnownFileType = image.png; path = "Default-568h@2x.png"; sourceTree = "<group>"; };
		89814571182A783F00499186 /* mail_likes.png */ = {isa = PBXFileReference; lastKnownFileType = image.png; path = mail_likes.png; sourceTree = "<group>"; };
		89814572182A783F00499186 /* mail_likes@2x.png */ = {isa = PBXFileReference; lastKnownFileType = image.png; path = "mail_likes@2x.png"; sourceTree = "<group>"; };
		89814575182A7CF900499186 /* email.png */ = {isa = PBXFileReference; lastKnownFileType = image.png; path = email.png; sourceTree = "<group>"; };
		89814576182A7CF900499186 /* email@2x.png */ = {isa = PBXFileReference; lastKnownFileType = image.png; path = "email@2x.png"; sourceTree = "<group>"; };
		898F179B1804176E006A27DF /* Accelerate.framework */ = {isa = PBXFileReference; lastKnownFileType = wrapper.framework; name = Accelerate.framework; path = System/Library/Frameworks/Accelerate.framework; sourceTree = SDKROOT; };
		898F179D18041776006A27DF /* AdSupport.framework */ = {isa = PBXFileReference; lastKnownFileType = wrapper.framework; name = AdSupport.framework; path = System/Library/Frameworks/AdSupport.framework; sourceTree = SDKROOT; };
		898F179F18041783006A27DF /* CoreTelephony.framework */ = {isa = PBXFileReference; lastKnownFileType = wrapper.framework; name = CoreTelephony.framework; path = System/Library/Frameworks/CoreTelephony.framework; sourceTree = SDKROOT; };
		898F17A118041794006A27DF /* SystemConfiguration.framework */ = {isa = PBXFileReference; lastKnownFileType = wrapper.framework; name = SystemConfiguration.framework; path = System/Library/Frameworks/SystemConfiguration.framework; sourceTree = SDKROOT; };
		8997BB0F18159C5B00061EF5 /* Base */ = {isa = PBXFileReference; lastKnownFileType = file.storyboard; name = Base; path = Base.lproj/Main.storyboard; sourceTree = "<group>"; };
		8997BB1218166FFA00061EF5 /* new_in.png */ = {isa = PBXFileReference; lastKnownFileType = image.png; path = new_in.png; sourceTree = "<group>"; };
		8997BB1318166FFA00061EF5 /* mangoredv2.png */ = {isa = PBXFileReference; lastKnownFileType = image.png; path = mangoredv2.png; sourceTree = "<group>"; };
		8997BB1418166FFA00061EF5 /* asosblackv2.png */ = {isa = PBXFileReference; lastKnownFileType = image.png; path = asosblackv2.png; sourceTree = "<group>"; };
		8997BB1518166FFA00061EF5 /* topshopredv2.png */ = {isa = PBXFileReference; lastKnownFileType = image.png; path = topshopredv2.png; sourceTree = "<group>"; };
		8997BB1D1816D9F000061EF5 /* antropoblack.png */ = {isa = PBXFileReference; lastKnownFileType = image.png; path = antropoblack.png; sourceTree = "<group>"; };
		8997BB1E1816D9F000061EF5 /* antrored.png */ = {isa = PBXFileReference; lastKnownFileType = image.png; path = antrored.png; sourceTree = "<group>"; };
		8997BB1F1816D9F000061EF5 /* asosblack.png */ = {isa = PBXFileReference; lastKnownFileType = image.png; path = asosblack.png; sourceTree = "<group>"; };
		8997BB201816D9F000061EF5 /* asosred.png */ = {isa = PBXFileReference; lastKnownFileType = image.png; path = asosred.png; sourceTree = "<group>"; };
		8997BB211816D9F000061EF5 /* h&mblack.png */ = {isa = PBXFileReference; lastKnownFileType = image.png; path = "h&mblack.png"; sourceTree = "<group>"; };
		8997BB221816D9F000061EF5 /* h&mred.png */ = {isa = PBXFileReference; lastKnownFileType = image.png; path = "h&mred.png"; sourceTree = "<group>"; };
		8997BB231816D9F000061EF5 /* mangoblack.png */ = {isa = PBXFileReference; lastKnownFileType = image.png; path = mangoblack.png; sourceTree = "<group>"; };
		8997BB241816D9F000061EF5 /* mangored.png */ = {isa = PBXFileReference; lastKnownFileType = image.png; path = mangored.png; sourceTree = "<group>"; };
		8997BB251816D9F000061EF5 /* newlookred.png */ = {isa = PBXFileReference; lastKnownFileType = image.png; path = newlookred.png; sourceTree = "<group>"; };
		8997BB261816D9F000061EF5 /* otherstoriesblack.png */ = {isa = PBXFileReference; lastKnownFileType = image.png; path = otherstoriesblack.png; sourceTree = "<group>"; };
		8997BB271816D9F000061EF5 /* otherstoriesred.png */ = {isa = PBXFileReference; lastKnownFileType = image.png; path = otherstoriesred.png; sourceTree = "<group>"; };
		8997BB281816D9F000061EF5 /* topshopblack.png */ = {isa = PBXFileReference; lastKnownFileType = image.png; path = topshopblack.png; sourceTree = "<group>"; };
		8997BB291816D9F000061EF5 /* topshopred.png */ = {isa = PBXFileReference; lastKnownFileType = image.png; path = topshopred.png; sourceTree = "<group>"; };
		8997BB2A1816D9F000061EF5 /* urbanblack.png */ = {isa = PBXFileReference; lastKnownFileType = image.png; path = urbanblack.png; sourceTree = "<group>"; };
		8997BB2B1816D9F000061EF5 /* urbanoutfittersred.png */ = {isa = PBXFileReference; lastKnownFileType = image.png; path = urbanoutfittersred.png; sourceTree = "<group>"; };
		8997BB2C1816D9F000061EF5 /* zarablack.png */ = {isa = PBXFileReference; lastKnownFileType = image.png; path = zarablack.png; sourceTree = "<group>"; };
		8997BB2D1816D9F000061EF5 /* zarared.png */ = {isa = PBXFileReference; lastKnownFileType = image.png; path = zarared.png; sourceTree = "<group>"; };
		8997BB3F1817DD1200061EF5 /* Basket.h */ = {isa = PBXFileReference; fileEncoding = 4; lastKnownFileType = sourcecode.c.h; path = Basket.h; sourceTree = "<group>"; };
		8997BB401817DD1200061EF5 /* Basket.m */ = {isa = PBXFileReference; fileEncoding = 4; lastKnownFileType = sourcecode.c.objc; path = Basket.m; sourceTree = "<group>"; };
		8997BB421817DDD300061EF5 /* BasketViewController.h */ = {isa = PBXFileReference; fileEncoding = 4; lastKnownFileType = sourcecode.c.h; path = BasketViewController.h; sourceTree = "<group>"; };
		8997BB431817DDD300061EF5 /* BasketViewController.m */ = {isa = PBXFileReference; fileEncoding = 4; lastKnownFileType = sourcecode.c.objc; path = BasketViewController.m; sourceTree = "<group>"; };
		8997BB451818014E00061EF5 /* EmailBasketViewController.h */ = {isa = PBXFileReference; fileEncoding = 4; lastKnownFileType = sourcecode.c.h; path = EmailBasketViewController.h; sourceTree = "<group>"; };
		8997BB461818014E00061EF5 /* EmailBasketViewController.m */ = {isa = PBXFileReference; fileEncoding = 4; lastKnownFileType = sourcecode.c.objc; path = EmailBasketViewController.m; sourceTree = "<group>"; };
		8997BB481818086000061EF5 /* Emailer.h */ = {isa = PBXFileReference; fileEncoding = 4; lastKnownFileType = sourcecode.c.h; path = Emailer.h; sourceTree = "<group>"; };
		8997BB491818086000061EF5 /* Emailer.m */ = {isa = PBXFileReference; fileEncoding = 4; lastKnownFileType = sourcecode.c.objc; path = Emailer.m; sourceTree = "<group>"; };
		89A42ABA180B001D00195EB3 /* ImageDownloader.h */ = {isa = PBXFileReference; fileEncoding = 4; lastKnownFileType = sourcecode.c.h; path = ImageDownloader.h; sourceTree = "<group>"; };
		89A42ABB180B001D00195EB3 /* ImageDownloader.m */ = {isa = PBXFileReference; fileEncoding = 4; lastKnownFileType = sourcecode.c.objc; path = ImageDownloader.m; sourceTree = "<group>"; };
		89A8BB441822D7A10085F62E /* JotiOne-Regular.ttf */ = {isa = PBXFileReference; lastKnownFileType = file; path = "JotiOne-Regular.ttf"; sourceTree = "<group>"; };
		89A8BB461822D8980085F62E /* Raleway-Regular.ttf */ = {isa = PBXFileReference; lastKnownFileType = file; path = "Raleway-Regular.ttf"; sourceTree = "<group>"; };
		89AF6A351809F2F400DD74F0 /* Security.framework */ = {isa = PBXFileReference; lastKnownFileType = wrapper.framework; name = Security.framework; path = System/Library/Frameworks/Security.framework; sourceTree = SDKROOT; };
		89DD0849181046700053CA9B /* page.png */ = {isa = PBXFileReference; lastKnownFileType = image.png; path = page.png; sourceTree = "<group>"; };
		89E7142B17F5A7B6006F1E09 /* Weave.app */ = {isa = PBXFileReference; explicitFileType = wrapper.application; includeInIndex = 0; path = Weave.app; sourceTree = BUILT_PRODUCTS_DIR; };
		89E7142E17F5A7B6006F1E09 /* Foundation.framework */ = {isa = PBXFileReference; lastKnownFileType = wrapper.framework; name = Foundation.framework; path = System/Library/Frameworks/Foundation.framework; sourceTree = SDKROOT; };
		89E7143017F5A7B6006F1E09 /* CoreGraphics.framework */ = {isa = PBXFileReference; lastKnownFileType = wrapper.framework; name = CoreGraphics.framework; path = System/Library/Frameworks/CoreGraphics.framework; sourceTree = SDKROOT; };
		89E7143217F5A7B6006F1E09 /* UIKit.framework */ = {isa = PBXFileReference; lastKnownFileType = wrapper.framework; name = UIKit.framework; path = System/Library/Frameworks/UIKit.framework; sourceTree = SDKROOT; };
		89E7143617F5A7B6006F1E09 /* Weave-Info.plist */ = {isa = PBXFileReference; lastKnownFileType = text.plist.xml; path = "Weave-Info.plist"; sourceTree = "<group>"; };
		89E7143817F5A7B6006F1E09 /* en */ = {isa = PBXFileReference; lastKnownFileType = text.plist.strings; name = en; path = en.lproj/InfoPlist.strings; sourceTree = "<group>"; };
		89E7143A17F5A7B6006F1E09 /* main.m */ = {isa = PBXFileReference; lastKnownFileType = sourcecode.c.objc; path = main.m; sourceTree = "<group>"; };
		89E7143C17F5A7B6006F1E09 /* Weave-Prefix.pch */ = {isa = PBXFileReference; lastKnownFileType = sourcecode.c.h; path = "Weave-Prefix.pch"; sourceTree = "<group>"; };
		89E7143D17F5A7B6006F1E09 /* AppDelegate.h */ = {isa = PBXFileReference; lastKnownFileType = sourcecode.c.h; path = AppDelegate.h; sourceTree = "<group>"; };
		89E7143E17F5A7B6006F1E09 /* AppDelegate.m */ = {isa = PBXFileReference; lastKnownFileType = sourcecode.c.objc; path = AppDelegate.m; sourceTree = "<group>"; };
		89E7144617F5A7B6006F1E09 /* Images.xcassets */ = {isa = PBXFileReference; lastKnownFileType = folder.assetcatalog; path = Images.xcassets; sourceTree = "<group>"; };
		89E7144C17F5A7B6006F1E09 /* WeaveTests.xctest */ = {isa = PBXFileReference; explicitFileType = wrapper.cfbundle; includeInIndex = 0; path = WeaveTests.xctest; sourceTree = BUILT_PRODUCTS_DIR; };
		89E7144D17F5A7B6006F1E09 /* XCTest.framework */ = {isa = PBXFileReference; lastKnownFileType = wrapper.framework; name = XCTest.framework; path = Library/Frameworks/XCTest.framework; sourceTree = DEVELOPER_DIR; };
		89E7145517F5A7B6006F1E09 /* WeaveTests-Info.plist */ = {isa = PBXFileReference; lastKnownFileType = text.plist.xml; path = "WeaveTests-Info.plist"; sourceTree = "<group>"; };
		89E7145717F5A7B6006F1E09 /* en */ = {isa = PBXFileReference; lastKnownFileType = text.plist.strings; name = en; path = en.lproj/InfoPlist.strings; sourceTree = "<group>"; };
		89E7145917F5A7B6006F1E09 /* WeaveTests.m */ = {isa = PBXFileReference; lastKnownFileType = sourcecode.c.objc; path = WeaveTests.m; sourceTree = "<group>"; };
		89E7146317F5A86C006F1E09 /* weave.png */ = {isa = PBXFileReference; lastKnownFileType = image.png; path = weave.png; sourceTree = "<group>"; };
		89F199C11831471C004BDEFC /* User.h */ = {isa = PBXFileReference; fileEncoding = 4; lastKnownFileType = sourcecode.c.h; path = User.h; sourceTree = "<group>"; };
		89F199C21831471C004BDEFC /* User.m */ = {isa = PBXFileReference; fileEncoding = 4; lastKnownFileType = sourcecode.c.objc; path = User.m; sourceTree = "<group>"; };
		89F199C61832688D004BDEFC /* fb.png */ = {isa = PBXFileReference; lastKnownFileType = image.png; path = fb.png; sourceTree = "<group>"; };
/* End PBXFileReference section */

/* Begin PBXFrameworksBuildPhase section */
		89E7142817F5A7B6006F1E09 /* Frameworks */ = {
			isa = PBXFrameworksBuildPhase;
			buildActionMask = 2147483647;
			files = (
				897DA4CC1826636000400880 /* CoreLocation.framework in Frameworks */,
				898F17A018041783006A27DF /* CoreTelephony.framework in Frameworks */,
				897DA4CA1826634700400880 /* libsqlite3.dylib in Frameworks */,
				897DA4C81826633B00400880 /* libz.dylib in Frameworks */,
				897DA4C61826632400400880 /* MobileCoreServices.framework in Frameworks */,
				897DA4C41826631200400880 /* CFNetwork.framework in Frameworks */,
				89AF6A361809F2F400DD74F0 /* Security.framework in Frameworks */,
				898F17A218041794006A27DF /* SystemConfiguration.framework in Frameworks */,
				898F179E18041776006A27DF /* AdSupport.framework in Frameworks */,
				898F179C1804176E006A27DF /* Accelerate.framework in Frameworks */,
				8925453717FC32DF001A6D68 /* CoreData.framework in Frameworks */,
				893D304717F9B50C00D820D1 /* QuartzCore.framework in Frameworks */,
				89E7143117F5A7B6006F1E09 /* CoreGraphics.framework in Frameworks */,
				89E7143317F5A7B6006F1E09 /* UIKit.framework in Frameworks */,
				89E7142F17F5A7B6006F1E09 /* Foundation.framework in Frameworks */,
				CA4B30F659D7498F8F8FE7EF /* libPods.a in Frameworks */,
			);
			runOnlyForDeploymentPostprocessing = 0;
		};
		89E7144917F5A7B6006F1E09 /* Frameworks */ = {
			isa = PBXFrameworksBuildPhase;
			buildActionMask = 2147483647;
			files = (
				89E7144E17F5A7B6006F1E09 /* XCTest.framework in Frameworks */,
				89E7145017F5A7B6006F1E09 /* UIKit.framework in Frameworks */,
				89E7144F17F5A7B6006F1E09 /* Foundation.framework in Frameworks */,
			);
			runOnlyForDeploymentPostprocessing = 0;
		};
/* End PBXFrameworksBuildPhase section */

/* Begin PBXGroup section */
		8925454117FDAEFD001A6D68 /* Locales */ = {
			isa = PBXGroup;
			children = (
				8925454217FDAF16001A6D68 /* Strings.h */,
				8925454317FDAF16001A6D68 /* Strings.m */,
			);
			name = Locales;
			sourceTree = "<group>";
		};
		893D305017F9CDEA00D820D1 /* Models */ = {
			isa = PBXGroup;
			children = (
				89F199C11831471C004BDEFC /* User.h */,
				89F199C21831471C004BDEFC /* User.m */,
				894CE98717F5DD200021307A /* Collection.h */,
				894CE98817F5DD210021307A /* Collection.m */,
				8997BB3F1817DD1200061EF5 /* Basket.h */,
				8997BB401817DD1200061EF5 /* Basket.m */,
				893D305117F9CE0900D820D1 /* Product.h */,
				893D305217F9CE0900D820D1 /* Product.m */,
				8925453017FB0D0F001A6D68 /* Likes.h */,
				8925453117FB0D0F001A6D68 /* Likes.m */,
				89385E5F180D83F0000A260C /* Brand.h */,
				89385E60180D83F0000A260C /* Brand.m */,
			);
			name = Models;
			sourceTree = "<group>";
		};
		893D30A917FA394E00D820D1 /* Controllers */ = {
			isa = PBXGroup;
			children = (
				898145411827EE4A00499186 /* LoginViewController.h */,
				898145421827EE4A00499186 /* LoginViewController.m */,
				89814557182973A600499186 /* NavigationViewController.h */,
				89814558182973A600499186 /* NavigationViewController.m */,
				8981455A182973C500499186 /* MenuViewController.h */,
				8981455B182973C500499186 /* MenuViewController.m */,
				894CE98417F5D3290021307A /* ProductViewController.h */,
				894CE98517F5D3290021307A /* ProductViewController.m */,
				8997BB421817DDD300061EF5 /* BasketViewController.h */,
				8997BB431817DDD300061EF5 /* BasketViewController.m */,
				8925454517FDCE3A001A6D68 /* ProductDetailViewController.h */,
				8925454617FDCE3A001A6D68 /* ProductDetailViewController.m */,
				8925453317FB1FC7001A6D68 /* LikesPageViewController.h */,
				8925453417FB1FC7001A6D68 /* LikesPageViewController.m */,
				89A42ABA180B001D00195EB3 /* ImageDownloader.h */,
				89A42ABB180B001D00195EB3 /* ImageDownloader.m */,
				8997BB451818014E00061EF5 /* EmailBasketViewController.h */,
				8997BB461818014E00061EF5 /* EmailBasketViewController.m */,
				8997BB481818086000061EF5 /* Emailer.h */,
				8997BB491818086000061EF5 /* Emailer.m */,
			);
			name = Controllers;
			sourceTree = "<group>";
		};
		893D30AA17FA396400D820D1 /* Views */ = {
			isa = PBXGroup;
			children = (
				8997BB0E18159C5B00061EF5 /* Main.storyboard */,
			);
			name = Views;
			sourceTree = "<group>";
		};
		89614FFC18041F1C00E93D01 /* Mixpanel */ = {
			isa = PBXGroup;
			children = (
				89614FFD18041F1C00E93D01 /* Library */,
				8961500B18041F1C00E93D01 /* Mixpanel.h */,
				8961500C18041F1C00E93D01 /* Mixpanel.m */,
			);
			path = Mixpanel;
			sourceTree = "<group>";
		};
		89614FFD18041F1C00E93D01 /* Library */ = {
			isa = PBXGroup;
			children = (
				89614FFE18041F1C00E93D01 /* JSON */,
				8961500518041F1C00E93D01 /* NSData_Base64 */,
				8961500818041F1C00E93D01 /* ODIN */,
			);
			path = Library;
			sourceTree = "<group>";
		};
		89614FFE18041F1C00E93D01 /* JSON */ = {
			isa = PBXGroup;
			children = (
				89614FFF18041F1C00E93D01 /* MPCJSONDataSerializer.h */,
				8961500018041F1C00E93D01 /* MPCJSONDataSerializer.m */,
				8961500118041F1C00E93D01 /* MPCJSONSerializer.h */,
				8961500218041F1C00E93D01 /* MPCJSONSerializer.m */,
				8961500318041F1C00E93D01 /* MPCSerializedJSONData.h */,
				8961500418041F1C00E93D01 /* MPCSerializedJSONData.m */,
			);
			path = JSON;
			sourceTree = "<group>";
		};
		8961500518041F1C00E93D01 /* NSData_Base64 */ = {
			isa = PBXGroup;
			children = (
				8961500618041F1C00E93D01 /* NSData+MPBase64.h */,
				8961500718041F1C00E93D01 /* NSData+MPBase64.m */,
			);
			path = NSData_Base64;
			sourceTree = "<group>";
		};
		8961500818041F1C00E93D01 /* ODIN */ = {
			isa = PBXGroup;
			children = (
				8961500918041F1C00E93D01 /* ODIN.h */,
				8961500A18041F1C00E93D01 /* ODIN.m */,
			);
			path = ODIN;
			sourceTree = "<group>";
		};
		8981454C1828625200499186 /* Onboarding_Images */ = {
			isa = PBXGroup;
			children = (
				8981454E1828660500499186 /* brands.png */,
				898145551828666600499186 /* shopping_basket.png */,
				8981454F1828660500499186 /* likes.png */,
				898145501828660500499186 /* tinder.png */,
			);
			name = Onboarding_Images;
			sourceTree = "<group>";
		};
		89DD087418115BC90053CA9B /* brand_images */ = {
			isa = PBXGroup;
			children = (
				8997BB1D1816D9F000061EF5 /* antropoblack.png */,
				8997BB1E1816D9F000061EF5 /* antrored.png */,
				8997BB1F1816D9F000061EF5 /* asosblack.png */,
				8997BB201816D9F000061EF5 /* asosred.png */,
				8997BB211816D9F000061EF5 /* h&mblack.png */,
				8997BB221816D9F000061EF5 /* h&mred.png */,
				8997BB231816D9F000061EF5 /* mangoblack.png */,
				8997BB241816D9F000061EF5 /* mangored.png */,
				8997BB251816D9F000061EF5 /* newlookred.png */,
				8997BB261816D9F000061EF5 /* otherstoriesblack.png */,
				8997BB271816D9F000061EF5 /* otherstoriesred.png */,
				8997BB281816D9F000061EF5 /* topshopblack.png */,
				8997BB291816D9F000061EF5 /* topshopred.png */,
				8997BB2A1816D9F000061EF5 /* urbanblack.png */,
				8997BB2B1816D9F000061EF5 /* urbanoutfittersred.png */,
				8997BB2C1816D9F000061EF5 /* zarablack.png */,
				8997BB2D1816D9F000061EF5 /* zarared.png */,
			);
			name = brand_images;
			sourceTree = "<group>";
		};
		89E7142217F5A7B6006F1E09 = {
			isa = PBXGroup;
			children = (
				8981454C1828625200499186 /* Onboarding_Images */,
				897DA4CD1826663E00400880 /* AirshipConfig.plist */,
				89A8BB461822D8980085F62E /* Raleway-Regular.ttf */,
				89A8BB441822D7A10085F62E /* JotiOne-Regular.ttf */,
				89E7143417F5A7B6006F1E09 /* Weave */,
				89E7145317F5A7B6006F1E09 /* WeaveTests */,
				89E7142D17F5A7B6006F1E09 /* Frameworks */,
				89E7142C17F5A7B6006F1E09 /* Products */,
				7D850D4EDE3A4D10B0E265FA /* Pods.xcconfig */,
			);
			sourceTree = "<group>";
		};
		89E7142C17F5A7B6006F1E09 /* Products */ = {
			isa = PBXGroup;
			children = (
				89E7142B17F5A7B6006F1E09 /* Weave.app */,
				89E7144C17F5A7B6006F1E09 /* WeaveTests.xctest */,
			);
			name = Products;
			sourceTree = "<group>";
		};
		89E7142D17F5A7B6006F1E09 /* Frameworks */ = {
			isa = PBXGroup;
			children = (
				897DA4CB1826636000400880 /* CoreLocation.framework */,
				897DA4C91826634700400880 /* libsqlite3.dylib */,
				897DA4C71826633A00400880 /* libz.dylib */,
				897DA4C51826632400400880 /* MobileCoreServices.framework */,
				897DA4C31826631200400880 /* CFNetwork.framework */,
				897DA4C11826630100400880 /* libPods-UrbanAirship-iOS-SDK.a */,
				89AF6A351809F2F400DD74F0 /* Security.framework */,
				898F17A118041794006A27DF /* SystemConfiguration.framework */,
				898F179F18041783006A27DF /* CoreTelephony.framework */,
				898F179D18041776006A27DF /* AdSupport.framework */,
				898F179B1804176E006A27DF /* Accelerate.framework */,
				8925453617FC32DF001A6D68 /* CoreData.framework */,
				893D304617F9B50C00D820D1 /* QuartzCore.framework */,
				89E7142E17F5A7B6006F1E09 /* Foundation.framework */,
				89E7143017F5A7B6006F1E09 /* CoreGraphics.framework */,
				89E7143217F5A7B6006F1E09 /* UIKit.framework */,
				89E7144D17F5A7B6006F1E09 /* XCTest.framework */,
				0351FDF9ACB446A4B1FC3B1F /* libPods.a */,
			);
			name = Frameworks;
			sourceTree = "<group>";
		};
		89E7143417F5A7B6006F1E09 /* Weave */ = {
			isa = PBXGroup;
			children = (
				89614FFC18041F1C00E93D01 /* Mixpanel */,
				8925454117FDAEFD001A6D68 /* Locales */,
				893D30AA17FA396400D820D1 /* Views */,
				893D30A917FA394E00D820D1 /* Controllers */,
				893D305017F9CDEA00D820D1 /* Models */,
				89E7143D17F5A7B6006F1E09 /* AppDelegate.h */,
				89E7143E17F5A7B6006F1E09 /* AppDelegate.m */,
				89E7144617F5A7B6006F1E09 /* Images.xcassets */,
				89E7143517F5A7B6006F1E09 /* Supporting Files */,
			);
			path = Weave;
			sourceTree = "<group>";
		};
		89E7143517F5A7B6006F1E09 /* Supporting Files */ = {
			isa = PBXGroup;
			children = (
				89F199C61832688D004BDEFC /* fb.png */,
				89814575182A7CF900499186 /* email.png */,
				89814576182A7CF900499186 /* email@2x.png */,
				898145651829A08000499186 /* show_me_clothes.png */,
				8981456F1829A75500499186 /* Default-568h@2x.png */,
				89814571182A783F00499186 /* mail_likes.png */,
				89814572182A783F00499186 /* mail_likes@2x.png */,
				898145661829A08000499186 /* show_me_clothes@2x.png */,
				8981456B1829A1C900499186 /* new_in.png */,
				8981456C1829A1C900499186 /* new_in@2x.png */,
				895342BB1822ABE40074BDE0 /* delete.png */,
				895342BC1822ABE40074BDE0 /* mail.png */,
				895342BD1822ABE40074BDE0 /* basketClicked.png */,
				895342BE1822ABE40074BDE0 /* basket.png */,
				8997BB1218166FFA00061EF5 /* new_in.png */,
				8997BB1318166FFA00061EF5 /* mangoredv2.png */,
				8997BB1418166FFA00061EF5 /* asosblackv2.png */,
				8997BB1518166FFA00061EF5 /* topshopredv2.png */,
				89DD087418115BC90053CA9B /* brand_images */,
				89DD0849181046700053CA9B /* page.png */,
				8925452C17FB065D001A6D68 /* weave-nav.png */,
				8925452D17FB065D001A6D68 /* weave-nav@2x.png */,
				893D304E17F9C99A00D820D1 /* polaroid-view.png */,
				893D304C17F9C6AB00D820D1 /* polaroid.png */,
				893D303017F8E54000D820D1 /* cross.png */,
				893D303117F8E54000D820D1 /* heart.png */,
				893D303217F8E54000D820D1 /* info.png */,
				893D302E17F8E20100D820D1 /* dislike.png */,
				893D302C17F8DC0600D820D1 /* like.png */,
				89E7146317F5A86C006F1E09 /* weave.png */,
				89E7143617F5A7B6006F1E09 /* Weave-Info.plist */,
				89E7143717F5A7B6006F1E09 /* InfoPlist.strings */,
				89E7143A17F5A7B6006F1E09 /* main.m */,
				89E7143C17F5A7B6006F1E09 /* Weave-Prefix.pch */,
			);
			name = "Supporting Files";
			sourceTree = "<group>";
		};
		89E7145317F5A7B6006F1E09 /* WeaveTests */ = {
			isa = PBXGroup;
			children = (
				89E7145917F5A7B6006F1E09 /* WeaveTests.m */,
				89E7145417F5A7B6006F1E09 /* Supporting Files */,
			);
			path = WeaveTests;
			sourceTree = "<group>";
		};
		89E7145417F5A7B6006F1E09 /* Supporting Files */ = {
			isa = PBXGroup;
			children = (
				89E7145517F5A7B6006F1E09 /* WeaveTests-Info.plist */,
				89E7145617F5A7B6006F1E09 /* InfoPlist.strings */,
			);
			name = "Supporting Files";
			sourceTree = "<group>";
		};
/* End PBXGroup section */

/* Begin PBXNativeTarget section */
		89E7142A17F5A7B6006F1E09 /* Weave */ = {
			isa = PBXNativeTarget;
			buildConfigurationList = 89E7145D17F5A7B6006F1E09 /* Build configuration list for PBXNativeTarget "Weave" */;
			buildPhases = (
				041ED8DB14D547F18FFDB3B8 /* Check Pods Manifest.lock */,
				89E7142717F5A7B6006F1E09 /* Sources */,
				89E7142817F5A7B6006F1E09 /* Frameworks */,
				89E7142917F5A7B6006F1E09 /* Resources */,
				DF1170FA4F6441DA8DE21738 /* Copy Pods Resources */,
			);
			buildRules = (
			);
			dependencies = (
			);
			name = Weave;
			productName = Weave;
			productReference = 89E7142B17F5A7B6006F1E09 /* Weave.app */;
			productType = "com.apple.product-type.application";
		};
		89E7144B17F5A7B6006F1E09 /* WeaveTests */ = {
			isa = PBXNativeTarget;
			buildConfigurationList = 89E7146017F5A7B6006F1E09 /* Build configuration list for PBXNativeTarget "WeaveTests" */;
			buildPhases = (
				89E7144817F5A7B6006F1E09 /* Sources */,
				89E7144917F5A7B6006F1E09 /* Frameworks */,
				89E7144A17F5A7B6006F1E09 /* Resources */,
			);
			buildRules = (
			);
			dependencies = (
				89E7145217F5A7B6006F1E09 /* PBXTargetDependency */,
			);
			name = WeaveTests;
			productName = WeaveTests;
			productReference = 89E7144C17F5A7B6006F1E09 /* WeaveTests.xctest */;
			productType = "com.apple.product-type.bundle.unit-test";
		};
/* End PBXNativeTarget section */

/* Begin PBXProject section */
		89E7142317F5A7B6006F1E09 /* Project object */ = {
			isa = PBXProject;
			attributes = {
				LastUpgradeCheck = 0500;
				ORGANIZATIONNAME = "Nicholas Angeli";
				TargetAttributes = {
					89E7142A17F5A7B6006F1E09 = {
						DevelopmentTeam = F8Z4Q9A2XC;
					};
					89E7144B17F5A7B6006F1E09 = {
						TestTargetID = 89E7142A17F5A7B6006F1E09;
					};
				};
			};
			buildConfigurationList = 89E7142617F5A7B6006F1E09 /* Build configuration list for PBXProject "Weave" */;
			compatibilityVersion = "Xcode 3.2";
			developmentRegion = English;
			hasScannedForEncodings = 0;
			knownRegions = (
				en,
				Base,
			);
			mainGroup = 89E7142217F5A7B6006F1E09;
			productRefGroup = 89E7142C17F5A7B6006F1E09 /* Products */;
			projectDirPath = "";
			projectRoot = "";
			targets = (
				89E7142A17F5A7B6006F1E09 /* Weave */,
				89E7144B17F5A7B6006F1E09 /* WeaveTests */,
			);
		};
/* End PBXProject section */

/* Begin PBXResourcesBuildPhase section */
		89E7142917F5A7B6006F1E09 /* Resources */ = {
			isa = PBXResourcesBuildPhase;
			buildActionMask = 2147483647;
			files = (
				893D303417F8E54000D820D1 /* heart.png in Resources */,
				898145521828660500499186 /* brands.png in Resources */,
				8981456A1829A08000499186 /* show_me_clothes@2x.png in Resources */,
				893D304F17F9C99A00D820D1 /* polaroid-view.png in Resources */,
				8997BB311816D9F000061EF5 /* asosred.png in Resources */,
				8997BB2F1816D9F000061EF5 /* antrored.png in Resources */,
				893D303317F8E54000D820D1 /* cross.png in Resources */,
				898145691829A08000499186 /* show_me_clothes.png in Resources */,
				898145701829A75500499186 /* Default-568h@2x.png in Resources */,
				8997BB371816D9F000061EF5 /* otherstoriesblack.png in Resources */,
				898145531828660500499186 /* likes.png in Resources */,
				89814573182A783F00499186 /* mail_likes.png in Resources */,
				8925452E17FB065D001A6D68 /* weave-nav.png in Resources */,
				893D304D17F9C6AB00D820D1 /* polaroid.png in Resources */,
				89814578182A7CF900499186 /* email@2x.png in Resources */,
				8997BB3C1816D9F000061EF5 /* urbanoutfittersred.png in Resources */,
				893D302F17F8E20100D820D1 /* dislike.png in Resources */,
				8997BB3D1816D9F000061EF5 /* zarablack.png in Resources */,
				89A8BB451822D7A10085F62E /* JotiOne-Regular.ttf in Resources */,
				8981456D1829A1C900499186 /* new_in.png in Resources */,
				8997BB351816D9F000061EF5 /* mangored.png in Resources */,
				893D303517F8E54000D820D1 /* info.png in Resources */,
				897DA4CE1826663E00400880 /* AirshipConfig.plist in Resources */,
				8997BB381816D9F000061EF5 /* otherstoriesred.png in Resources */,
				8997BB391816D9F000061EF5 /* topshopblack.png in Resources */,
				895342BF1822ABE40074BDE0 /* delete.png in Resources */,
				8997BB3E1816D9F000061EF5 /* zarared.png in Resources */,
				898145561828666600499186 /* shopping_basket.png in Resources */,
				8997BB2E1816D9F000061EF5 /* antropoblack.png in Resources */,
				89814574182A783F00499186 /* mail_likes@2x.png in Resources */,
				8997BB361816D9F000061EF5 /* newlookred.png in Resources */,
				8997BB301816D9F000061EF5 /* asosblack.png in Resources */,
				8997BB1718166FFA00061EF5 /* new_in.png in Resources */,
				89814577182A7CF900499186 /* email.png in Resources */,
				8997BB1A18166FFA00061EF5 /* topshopredv2.png in Resources */,
				8997BB1818166FFA00061EF5 /* mangoredv2.png in Resources */,
				89DD084A181046700053CA9B /* page.png in Resources */,
				89E7146417F5A86C006F1E09 /* weave.png in Resources */,
				8997BB331816D9F000061EF5 /* h&mred.png in Resources */,
				8997BB1918166FFA00061EF5 /* asosblackv2.png in Resources */,
				89F199C71832688D004BDEFC /* fb.png in Resources */,
				8997BB341816D9F000061EF5 /* mangoblack.png in Resources */,
				8997BB1018159C5B00061EF5 /* Main.storyboard in Resources */,
				898145541828660500499186 /* tinder.png in Resources */,
				89E7144717F5A7B6006F1E09 /* Images.xcassets in Resources */,
				893D302D17F8DC0600D820D1 /* like.png in Resources */,
				8981456E1829A1C900499186 /* new_in@2x.png in Resources */,
				8925452F17FB065D001A6D68 /* weave-nav@2x.png in Resources */,
				8997BB321816D9F000061EF5 /* h&mblack.png in Resources */,
				895342C01822ABE40074BDE0 /* mail.png in Resources */,
				89E7143917F5A7B6006F1E09 /* InfoPlist.strings in Resources */,
				895342C11822ABE40074BDE0 /* basketClicked.png in Resources */,
				895342C21822ABE40074BDE0 /* basket.png in Resources */,
				8997BB3A1816D9F000061EF5 /* topshopred.png in Resources */,
				8997BB3B1816D9F000061EF5 /* urbanblack.png in Resources */,
				89A8BB471822D8980085F62E /* Raleway-Regular.ttf in Resources */,
			);
			runOnlyForDeploymentPostprocessing = 0;
		};
		89E7144A17F5A7B6006F1E09 /* Resources */ = {
			isa = PBXResourcesBuildPhase;
			buildActionMask = 2147483647;
			files = (
				89E7145817F5A7B6006F1E09 /* InfoPlist.strings in Resources */,
			);
			runOnlyForDeploymentPostprocessing = 0;
		};
/* End PBXResourcesBuildPhase section */

/* Begin PBXShellScriptBuildPhase section */
		041ED8DB14D547F18FFDB3B8 /* Check Pods Manifest.lock */ = {
			isa = PBXShellScriptBuildPhase;
			buildActionMask = 2147483647;
			files = (
			);
			inputPaths = (
			);
			name = "Check Pods Manifest.lock";
			outputPaths = (
			);
			runOnlyForDeploymentPostprocessing = 0;
			shellPath = /bin/sh;
			shellScript = "diff \"${PODS_ROOT}/../Podfile.lock\" \"${PODS_ROOT}/Manifest.lock\" > /dev/null\nif [[ $? != 0 ]] ; then\n    cat << EOM\nerror: The sandbox is not in sync with the Podfile.lock. Run 'pod install' or update your CocoaPods installation.\nEOM\n    exit 1\nfi\n";
			showEnvVarsInLog = 0;
		};
		DF1170FA4F6441DA8DE21738 /* Copy Pods Resources */ = {
			isa = PBXShellScriptBuildPhase;
			buildActionMask = 2147483647;
			files = (
			);
			inputPaths = (
			);
			name = "Copy Pods Resources";
			outputPaths = (
			);
			runOnlyForDeploymentPostprocessing = 0;
			shellPath = /bin/sh;
			shellScript = "\"${SRCROOT}/Pods/Pods-resources.sh\"\n";
			showEnvVarsInLog = 0;
		};
/* End PBXShellScriptBuildPhase section */

/* Begin PBXSourcesBuildPhase section */
		89E7142717F5A7B6006F1E09 /* Sources */ = {
			isa = PBXSourcesBuildPhase;
			buildActionMask = 2147483647;
			files = (
				8925454417FDAF16001A6D68 /* Strings.m in Sources */,
				8925453517FB1FC7001A6D68 /* LikesPageViewController.m in Sources */,
				8997BB471818014E00061EF5 /* EmailBasketViewController.m in Sources */,
				8997BB4A1818086000061EF5 /* Emailer.m in Sources */,
				898145431827EE4A00499186 /* LoginViewController.m in Sources */,
				8981455C182973C500499186 /* MenuViewController.m in Sources */,
				8925453217FB0D0F001A6D68 /* Likes.m in Sources */,
				89385E61180D83F0000A260C /* Brand.m in Sources */,
				8961500F18041F1C00E93D01 /* MPCSerializedJSONData.m in Sources */,
				8961500E18041F1C00E93D01 /* MPCJSONSerializer.m in Sources */,
				8961500D18041F1C00E93D01 /* MPCJSONDataSerializer.m in Sources */,
				894CE98917F5DD210021307A /* Collection.m in Sources */,
				8997BB441817DDD300061EF5 /* BasketViewController.m in Sources */,
				89814559182973A600499186 /* NavigationViewController.m in Sources */,
				893D305317F9CE0900D820D1 /* Product.m in Sources */,
				8925454717FDCE3A001A6D68 /* ProductDetailViewController.m in Sources */,
				8961501218041F1C00E93D01 /* Mixpanel.m in Sources */,
				8961501018041F1C00E93D01 /* NSData+MPBase64.m in Sources */,
				89A42ABC180B001D00195EB3 /* ImageDownloader.m in Sources */,
				8961501118041F1C00E93D01 /* ODIN.m in Sources */,
				89E7143F17F5A7B6006F1E09 /* AppDelegate.m in Sources */,
				89F199C31831471C004BDEFC /* User.m in Sources */,
				894CE98617F5D3290021307A /* ProductViewController.m in Sources */,
				89E7143B17F5A7B6006F1E09 /* main.m in Sources */,
				8997BB411817DD1200061EF5 /* Basket.m in Sources */,
			);
			runOnlyForDeploymentPostprocessing = 0;
		};
		89E7144817F5A7B6006F1E09 /* Sources */ = {
			isa = PBXSourcesBuildPhase;
			buildActionMask = 2147483647;
			files = (
				89E7145A17F5A7B6006F1E09 /* WeaveTests.m in Sources */,
			);
			runOnlyForDeploymentPostprocessing = 0;
		};
/* End PBXSourcesBuildPhase section */

/* Begin PBXTargetDependency section */
		89E7145217F5A7B6006F1E09 /* PBXTargetDependency */ = {
			isa = PBXTargetDependency;
			target = 89E7142A17F5A7B6006F1E09 /* Weave */;
			targetProxy = 89E7145117F5A7B6006F1E09 /* PBXContainerItemProxy */;
		};
/* End PBXTargetDependency section */

/* Begin PBXVariantGroup section */
		8997BB0E18159C5B00061EF5 /* Main.storyboard */ = {
			isa = PBXVariantGroup;
			children = (
				8997BB0F18159C5B00061EF5 /* Base */,
			);
			name = Main.storyboard;
			sourceTree = "<group>";
		};
		89E7143717F5A7B6006F1E09 /* InfoPlist.strings */ = {
			isa = PBXVariantGroup;
			children = (
				89E7143817F5A7B6006F1E09 /* en */,
			);
			name = InfoPlist.strings;
			sourceTree = "<group>";
		};
		89E7145617F5A7B6006F1E09 /* InfoPlist.strings */ = {
			isa = PBXVariantGroup;
			children = (
				89E7145717F5A7B6006F1E09 /* en */,
			);
			name = InfoPlist.strings;
			sourceTree = "<group>";
		};
/* End PBXVariantGroup section */

/* Begin XCBuildConfiguration section */
		89E7145B17F5A7B6006F1E09 /* Debug */ = {
			isa = XCBuildConfiguration;
			buildSettings = {
				ALWAYS_SEARCH_USER_PATHS = NO;
				ARCHS = "$(ARCHS_STANDARD_INCLUDING_64_BIT)";
				CLANG_CXX_LANGUAGE_STANDARD = "gnu++0x";
				CLANG_CXX_LIBRARY = "libc++";
				CLANG_ENABLE_MODULES = YES;
				CLANG_ENABLE_OBJC_ARC = YES;
				CLANG_WARN_BOOL_CONVERSION = YES;
				CLANG_WARN_CONSTANT_CONVERSION = YES;
				CLANG_WARN_DIRECT_OBJC_ISA_USAGE = YES_ERROR;
				CLANG_WARN_EMPTY_BODY = YES;
				CLANG_WARN_ENUM_CONVERSION = YES;
				CLANG_WARN_INT_CONVERSION = YES;
				CLANG_WARN_OBJC_ROOT_CLASS = YES_ERROR;
				CLANG_WARN__DUPLICATE_METHOD_MATCH = YES;
				"CODE_SIGN_IDENTITY[sdk=iphoneos*]" = "iPhone Developer";
				COPY_PHASE_STRIP = NO;
				GCC_C_LANGUAGE_STANDARD = gnu99;
				GCC_DYNAMIC_NO_PIC = NO;
				GCC_OPTIMIZATION_LEVEL = 0;
				GCC_PREPROCESSOR_DEFINITIONS = (
					"DEBUG=1",
					"$(inherited)",
				);
				GCC_SYMBOLS_PRIVATE_EXTERN = NO;
				GCC_WARN_64_TO_32_BIT_CONVERSION = YES;
				GCC_WARN_ABOUT_RETURN_TYPE = YES_ERROR;
				GCC_WARN_UNDECLARED_SELECTOR = YES;
				GCC_WARN_UNINITIALIZED_AUTOS = YES;
				GCC_WARN_UNUSED_FUNCTION = YES;
				GCC_WARN_UNUSED_VARIABLE = YES;
				IPHONEOS_DEPLOYMENT_TARGET = 7.0;
				ONLY_ACTIVE_ARCH = YES;
				SDKROOT = iphoneos;
			};
			name = Debug;
		};
		89E7145C17F5A7B6006F1E09 /* Release */ = {
			isa = XCBuildConfiguration;
			buildSettings = {
				ALWAYS_SEARCH_USER_PATHS = NO;
				ARCHS = "$(ARCHS_STANDARD_INCLUDING_64_BIT)";
				CLANG_CXX_LANGUAGE_STANDARD = "gnu++0x";
				CLANG_CXX_LIBRARY = "libc++";
				CLANG_ENABLE_MODULES = YES;
				CLANG_ENABLE_OBJC_ARC = YES;
				CLANG_WARN_BOOL_CONVERSION = YES;
				CLANG_WARN_CONSTANT_CONVERSION = YES;
				CLANG_WARN_DIRECT_OBJC_ISA_USAGE = YES_ERROR;
				CLANG_WARN_EMPTY_BODY = YES;
				CLANG_WARN_ENUM_CONVERSION = YES;
				CLANG_WARN_INT_CONVERSION = YES;
				CLANG_WARN_OBJC_ROOT_CLASS = YES_ERROR;
				CLANG_WARN__DUPLICATE_METHOD_MATCH = YES;
				"CODE_SIGN_IDENTITY[sdk=iphoneos*]" = "iPhone Developer";
				COPY_PHASE_STRIP = YES;
				ENABLE_NS_ASSERTIONS = NO;
				GCC_C_LANGUAGE_STANDARD = gnu99;
				GCC_WARN_64_TO_32_BIT_CONVERSION = YES;
				GCC_WARN_ABOUT_RETURN_TYPE = YES_ERROR;
				GCC_WARN_UNDECLARED_SELECTOR = YES;
				GCC_WARN_UNINITIALIZED_AUTOS = YES;
				GCC_WARN_UNUSED_FUNCTION = YES;
				GCC_WARN_UNUSED_VARIABLE = YES;
				IPHONEOS_DEPLOYMENT_TARGET = 7.0;
				SDKROOT = iphoneos;
				VALIDATE_PRODUCT = YES;
			};
			name = Release;
		};
		89E7145E17F5A7B6006F1E09 /* Debug */ = {
			isa = XCBuildConfiguration;
			baseConfigurationReference = 7D850D4EDE3A4D10B0E265FA /* Pods.xcconfig */;
			buildSettings = {
				ARCHS = "$(ARCHS_STANDARD)";
				ASSETCATALOG_COMPILER_APPICON_NAME = AppIcon;
				ASSETCATALOG_COMPILER_LAUNCHIMAGE_NAME = "LaunchImage-2";
				CODE_SIGN_IDENTITY = "iPhone Developer";
				"CODE_SIGN_IDENTITY[sdk=iphoneos*]" = "iPhone Developer";
				GCC_PRECOMPILE_PREFIX_HEADER = YES;
				GCC_PREFIX_HEADER = "Weave/Weave-Prefix.pch";
				INFOPLIST_FILE = "Weave/Weave-Info.plist";
				IPHONEOS_DEPLOYMENT_TARGET = 6.0;
				PRODUCT_NAME = "$(TARGET_NAME)";
				PROVISIONING_PROFILE = "";
				WRAPPER_EXTENSION = app;
			};
			name = Debug;
		};
		89E7145F17F5A7B6006F1E09 /* Release */ = {
			isa = XCBuildConfiguration;
			baseConfigurationReference = 7D850D4EDE3A4D10B0E265FA /* Pods.xcconfig */;
			buildSettings = {
				ARCHS = "$(ARCHS_STANDARD)";
				ASSETCATALOG_COMPILER_APPICON_NAME = AppIcon;
				ASSETCATALOG_COMPILER_LAUNCHIMAGE_NAME = "LaunchImage-2";
				CODE_SIGN_IDENTITY = "iPhone Distribution";
				"CODE_SIGN_IDENTITY[sdk=iphoneos*]" = "iPhone Developer";
				GCC_PRECOMPILE_PREFIX_HEADER = YES;
				GCC_PREFIX_HEADER = "Weave/Weave-Prefix.pch";
				INFOPLIST_FILE = "Weave/Weave-Info.plist";
				IPHONEOS_DEPLOYMENT_TARGET = 6.0;
				ONLY_ACTIVE_ARCH = YES;
				PRODUCT_NAME = "$(TARGET_NAME)";
				PROVISIONING_PROFILE = "";
				WRAPPER_EXTENSION = app;
			};
			name = Release;
		};
		89E7146117F5A7B6006F1E09 /* Debug */ = {
			isa = XCBuildConfiguration;
			buildSettings = {
				ARCHS = "$(ARCHS_STANDARD_INCLUDING_64_BIT)";
				BUNDLE_LOADER = "$(BUILT_PRODUCTS_DIR)/Weave.app/Weave";
				FRAMEWORK_SEARCH_PATHS = (
					"$(SDKROOT)/Developer/Library/Frameworks",
					"$(inherited)",
					"$(DEVELOPER_FRAMEWORKS_DIR)",
				);
				GCC_PRECOMPILE_PREFIX_HEADER = YES;
				GCC_PREFIX_HEADER = "Weave/Weave-Prefix.pch";
				GCC_PREPROCESSOR_DEFINITIONS = (
					"DEBUG=1",
					"$(inherited)",
				);
				INFOPLIST_FILE = "WeaveTests/WeaveTests-Info.plist";
				PRODUCT_NAME = "$(TARGET_NAME)";
				TEST_HOST = "$(BUNDLE_LOADER)";
				WRAPPER_EXTENSION = xctest;
			};
			name = Debug;
		};
		89E7146217F5A7B6006F1E09 /* Release */ = {
			isa = XCBuildConfiguration;
			buildSettings = {
				ARCHS = "$(ARCHS_STANDARD_INCLUDING_64_BIT)";
				BUNDLE_LOADER = "$(BUILT_PRODUCTS_DIR)/Weave.app/Weave";
				FRAMEWORK_SEARCH_PATHS = (
					"$(SDKROOT)/Developer/Library/Frameworks",
					"$(inherited)",
					"$(DEVELOPER_FRAMEWORKS_DIR)",
				);
				GCC_PRECOMPILE_PREFIX_HEADER = YES;
				GCC_PREFIX_HEADER = "Weave/Weave-Prefix.pch";
				INFOPLIST_FILE = "WeaveTests/WeaveTests-Info.plist";
				PRODUCT_NAME = "$(TARGET_NAME)";
				TEST_HOST = "$(BUNDLE_LOADER)";
				WRAPPER_EXTENSION = xctest;
			};
			name = Release;
		};
/* End XCBuildConfiguration section */

/* Begin XCConfigurationList section */
		89E7142617F5A7B6006F1E09 /* Build configuration list for PBXProject "Weave" */ = {
			isa = XCConfigurationList;
			buildConfigurations = (
				89E7145B17F5A7B6006F1E09 /* Debug */,
				89E7145C17F5A7B6006F1E09 /* Release */,
			);
			defaultConfigurationIsVisible = 0;
			defaultConfigurationName = Release;
		};
		89E7145D17F5A7B6006F1E09 /* Build configuration list for PBXNativeTarget "Weave" */ = {
			isa = XCConfigurationList;
			buildConfigurations = (
				89E7145E17F5A7B6006F1E09 /* Debug */,
				89E7145F17F5A7B6006F1E09 /* Release */,
			);
			defaultConfigurationIsVisible = 0;
			defaultConfigurationName = Release;
		};
		89E7146017F5A7B6006F1E09 /* Build configuration list for PBXNativeTarget "WeaveTests" */ = {
			isa = XCConfigurationList;
			buildConfigurations = (
				89E7146117F5A7B6006F1E09 /* Debug */,
				89E7146217F5A7B6006F1E09 /* Release */,
			);
			defaultConfigurationIsVisible = 0;
			defaultConfigurationName = Release;
		};
/* End XCConfigurationList section */
	};
	rootObject = 89E7142317F5A7B6006F1E09 /* Project object */;
}
